<?xml version="1.0" encoding="utf-8"?>
<Project ToolsVersion="4.0" xmlns="http://schemas.microsoft.com/developer/msbuild/2003">
  <ItemGroup>
    <Filter Include="Source Files">
      <UniqueIdentifier>{4FC737F1-C7A5-4376-A066-2A32D752A2FF}</UniqueIdentifier>
      <Extensions>cpp;c;cc;cxx;def;odl;idl;hpj;bat;asm;asmx</Extensions>
    </Filter>
    <Filter Include="Header Files">
      <UniqueIdentifier>{93995380-89BD-4b04-88EB-625FBE52EBFB}</UniqueIdentifier>
      <Extensions>h;hh;hpp;hxx;hm;inl;inc;xsd</Extensions>
    </Filter>
    <Filter Include="Resource Files">
      <UniqueIdentifier>{67DA6AB6-F800-4c08-8B7A-83BB121AAD01}</UniqueIdentifier>
      <Extensions>rc;ico;cur;bmp;dlg;rc2;rct;bin;rgs;gif;jpg;jpeg;jpe;resx;tiff;tif;png;wav;mfcribbon-ms</Extensions>
    </Filter>
    <Filter Include="Source Files\SOIL">
      <UniqueIdentifier>{739f25ec-a9ca-4562-913e-2fd9353d0204}</UniqueIdentifier>
    </Filter>
  </ItemGroup>
  <ItemGroup>
    <ClInclude Include="Source\ffmpeg.h">
      <Filter>Header Files</Filter>
    </ClInclude>
    <ClInclude Include="Source\cmdutils.h">
      <Filter>Header Files</Filter>
    </ClInclude>
    <ClInclude Include="Source\config.h">
      <Filter>Header Files</Filter>
    </ClInclude>
    <ClInclude Include="Source\glsleffect.h">
      <Filter>Header Files</Filter>
    </ClInclude>
    <ClInclude Include="Source\jsonParser.h">
      <Filter>Header Files</Filter>
    </ClInclude>
    <ClInclude Include="Soil\SOIL.h">
      <Filter>Source Files\SOIL</Filter>
    </ClInclude>
    <ClInclude Include="Soil\stb_image_aug.h">
      <Filter>Source Files\SOIL</Filter>
    </ClInclude>
    <ClInclude Include="Soil\stbi_DDS_aug.h">
      <Filter>Source Files\SOIL</Filter>
    </ClInclude>
    <ClInclude Include="Soil\stbi_DDS_aug_c.h">
      <Filter>Source Files\SOIL</Filter>
    </ClInclude>
    <ClInclude Include="Soil\image_DXT.h">
      <Filter>Source Files\SOIL</Filter>
    </ClInclude>
    <ClInclude Include="Soil\image_helper.h">
      <Filter>Source Files\SOIL</Filter>
    </ClInclude>
  </ItemGroup>
  <ItemGroup>
    <ClCompile Include="Source\ffmpeg.c">
      <Filter>Source Files</Filter>
    </ClCompile>
    <ClCompile Include="Source\cmdutils.c">
      <Filter>Source Files</Filter>
    </ClCompile>
    <ClCompile Include="Source\ffmpeg_opt.c">
      <Filter>Source Files</Filter>
    </ClCompile>
    <ClCompile Include="Source\ffmpeg_filter.c">
      <Filter>Source Files</Filter>
    </ClCompile>
    <ClCompile Include="Source\glsleffect.cpp">
      <Filter>Source Files</Filter>
    </ClCompile>
    <ClCompile Include="Soil\stb_image_aug.c">
      <Filter>Source Files\SOIL</Filter>
    </ClCompile>
    <ClCompile Include="Soil\image_DXT.c">
      <Filter>Source Files\SOIL</Filter>
    </ClCompile>
    <ClCompile Include="Soil\image_helper.c">
      <Filter>Source Files\SOIL</Filter>
    </ClCompile>
    <ClCompile Include="Soil\SOIL.c">
      <Filter>Source Files\SOIL</Filter>
    </ClCompile>
  </ItemGroup>
</Project>